
Microsoft Visual Studio Solution File, Format Version 12.00
# Visual Studio Version 17
VisualStudioVersion = 17.4.33213.308
MinimumVisualStudioVersion = 10.0.40219.1
Project("{FAE04EC0-301F-11D3-BF4B-00C04F79EFBC}") = "planetario definitivo", "planetario definitivo\planetario definitivo.csproj", "{39C37A1D-9407-4068-800D-A19AA9439753}"
EndProject
Global
	GlobalSection(SolutionConfigurationPlatforms) = preSolution
		Debug|Any CPU = Debug|Any CPU
		Release|Any CPU = Release|Any CPU
	EndGlobalSection
	GlobalSection(ProjectConfigurationPlatforms) = postSolution
		{39C37A1D-9407-4068-800D-A19AA9439753}.Debug|Any CPU.ActiveCfg = Debug|Any CPU
		{39C37A1D-9407-4068-800D-A19AA9439753}.Debug|Any CPU.Build.0 = Debug|Any CPU
		{39C37A1D-9407-4068-800D-A19AA9439753}.Release|Any CPU.ActiveCfg = Release|Any CPU
		{39C37A1D-9407-4068-800D-A19AA9439753}.Release|Any CPU.Build.0 = Release|Any CPU
	EndGlobalSection
	GlobalSection(SolutionProperties) = preSolution
		HideSolutionNode = FALSE
	EndGlobalSection
	GlobalSection(ExtensibilityGlobals) = postSolution
		SolutionGuid = {6F07D5A6-3BA6-4AB4-9340-2FB85199A1C0}
	EndGlobalSection
EndGlobal
